# This file is autogenerated, do not edit; changes may be undone by the next 'dep ensure'.


[[projects]]
  branch = "master"
  name = "github.com/thoj/go-ircevent"
  packages = ["."]
  revision = "db5bd176f7c6f4b2f15c46142fdc8319a365bf6e"

[solve-meta]
  analyzer-name = "dep"
  analyzer-version = 1
  inputs-digest = "2abbc50e5d1473cafe81eed3582f91955d0151bffaa96c51111ba5b4ff044778"
  solver-name = "gps-cdcl"
  solver-version = 1
